// !$*UTF8*$!
{
	archiveVersion = 1;
	classes = {
	};
	objectVersion = 46;
	objects = {

/* Begin PBXBuildFile section */
		D0BD14D81C86FB6C005B5E50 /* main.m in Sources */ = {isa = PBXBuildFile; fileRef = D0BD14D71C86FB6C005B5E50 /* main.m */; };
		D0BD14DB1C86FB6C005B5E50 /* AppDelegate.m in Sources */ = {isa = PBXBuildFile; fileRef = D0BD14DA1C86FB6C005B5E50 /* AppDelegate.m */; };
		D0BD14E31C86FB6C005B5E50 /* Assets.xcassets in Resources */ = {isa = PBXBuildFile; fileRef = D0BD14E21C86FB6C005B5E50 /* Assets.xcassets */; };
		D0BD14E61C86FB6C005B5E50 /* LaunchScreen.storyboard in Resources */ = {isa = PBXBuildFile; fileRef = D0BD14E41C86FB6C005B5E50 /* LaunchScreen.storyboard */; };
		D0BD14F11C86FC17005B5E50 /* RTCommon.m in Sources */ = {isa = PBXBuildFile; fileRef = D0BD14F01C86FC17005B5E50 /* RTCommon.m */; };
/* End PBXBuildFile section */

/* Begin PBXFileReference section */
		D0BD14D31C86FB6C005B5E50 /* ComposableUI.app */ = {isa = PBXFileReference; explicitFileType = wrapper.application; includeInIndex = 0; path = ComposableUI.app; sourceTree = BUILT_PRODUCTS_DIR; };
		D0BD14D71C86FB6C005B5E50 /* main.m */ = {isa = PBXFileReference; lastKnownFileType = sourcecode.c.objc; path = main.m; sourceTree = "<group>"; };
		D0BD14D91C86FB6C005B5E50 /* AppDelegate.h */ = {isa = PBXFileReference; lastKnownFileType = sourcecode.c.h; path = AppDelegate.h; sourceTree = "<group>"; };
		D0BD14DA1C86FB6C005B5E50 /* AppDelegate.m */ = {isa = PBXFileReference; lastKnownFileType = sourcecode.c.objc; path = AppDelegate.m; sourceTree = "<group>"; };
		D0BD14E21C86FB6C005B5E50 /* Assets.xcassets */ = {isa = PBXFileReference; lastKnownFileType = folder.assetcatalog; path = Assets.xcassets; sourceTree = "<group>"; };
		D0BD14E51C86FB6C005B5E50 /* Base */ = {isa = PBXFileReference; lastKnownFileType = file.storyboard; name = Base; path = Base.lproj/LaunchScreen.storyboard; sourceTree = "<group>"; };
		D0BD14E71C86FB6C005B5E50 /* Info.plist */ = {isa = PBXFileReference; lastKnownFileType = text.plist.xml; path = Info.plist; sourceTree = "<group>"; };
		D0BD14EF1C86FC17005B5E50 /* RTCommon.h */ = {isa = PBXFileReference; fileEncoding = 4; lastKnownFileType = sourcecode.c.h; name = RTCommon.h; path = Common/RTCommon.h; sourceTree = "<group>"; };
		D0BD14F01C86FC17005B5E50 /* RTCommon.m */ = {isa = PBXFileReference; fileEncoding = 4; lastKnownFileType = sourcecode.c.objc; name = RTCommon.m; path = Common/RTCommon.m; sourceTree = "<group>"; };
/* End PBXFileReference section */

/* Begin PBXFrameworksBuildPhase section */
		D0BD14D01C86FB6C005B5E50 /* Frameworks */ = {
			isa = PBXFrameworksBuildPhase;
			buildActionMask = 2147483647;
			files = (
			);
			runOnlyForDeploymentPostprocessing = 0;
		};
/* End PBXFrameworksBuildPhase section */

/* Begin PBXGroup section */
		D0BD14CA1C86FB6C005B5E50 = {
			isa = PBXGroup;
			children = (
				D0BD14EE1C86FBFC005B5E50 /* Common */,
				D0BD14D51C86FB6C005B5E50 /* ComposableUI */,
				D0BD14D41C86FB6C005B5E50 /* Products */,
			);
			sourceTree = "<group>";
		};
		D0BD14D41C86FB6C005B5E50 /* Products */ = {
			isa = PBXGroup;
			children = (
				D0BD14D31C86FB6C005B5E50 /* ComposableUI.app */,
			);
			name = Products;
			sourceTree = "<group>";
		};
		D0BD14D51C86FB6C005B5E50 /* ComposableUI */ = {
			isa = PBXGroup;
			children = (
				D0BD14D91C86FB6C005B5E50 /* AppDelegate.h */,
				D0BD14DA1C86FB6C005B5E50 /* AppDelegate.m */,
				D0BD14D61C86FB6C005B5E50 /* Supporting Files */,
			);
			path = ComposableUI;
			sourceTree = "<group>";
		};
		D0BD14D61C86FB6C005B5E50 /* Supporting Files */ = {
			isa = PBXGroup;
			children = (
				D0BD14E21C86FB6C005B5E50 /* Assets.xcassets */,
				D0BD14E41C86FB6C005B5E50 /* LaunchScreen.storyboard */,
				D0BD14E71C86FB6C005B5E50 /* Info.plist */,
				D0BD14D71C86FB6C005B5E50 /* main.m */,
			);
			name = "Supporting Files";
			sourceTree = "<group>";
		};
		D0BD14EE1C86FBFC005B5E50 /* Common */ = {
			isa = PBXGroup;
			children = (
				D0BD14EF1C86FC17005B5E50 /* RTCommon.h */,
				D0BD14F01C86FC17005B5E50 /* RTCommon.m */,
			);
			name = Common;
			sourceTree = "<group>";
		};
/* End PBXGroup section */

/* Begin PBXNativeTarget section */
		D0BD14D21C86FB6C005B5E50 /* ComposableUI */ = {
			isa = PBXNativeTarget;
			buildConfigurationList = D0BD14EA1C86FB6C005B5E50 /* Build configuration list for PBXNativeTarget "ComposableUI" */;
			buildPhases = (
				D0BD14CF1C86FB6C005B5E50 /* Sources */,
				D0BD14D01C86FB6C005B5E50 /* Frameworks */,
				D0BD14D11C86FB6C005B5E50 /* Resources */,
			);
			buildRules = (
			);
			dependencies = (
			);
			name = ComposableUI;
			productName = ComposableUI;
			productReference = D0BD14D31C86FB6C005B5E50 /* ComposableUI.app */;
			productType = "com.apple.product-type.application";
		};
/* End PBXNativeTarget section */

/* Begin PBXProject section */
		D0BD14CB1C86FB6C005B5E50 /* Project object */ = {
			isa = PBXProject;
			attributes = {
				CLASSPREFIX = RT;
				LastUpgradeCheck = 0720;
				ORGANIZATIONNAME = "Radiant Tap";
				TargetAttributes = {
					D0BD14D21C86FB6C005B5E50 = {
						CreatedOnToolsVersion = 7.2.1;
					};
				};
			};
			buildConfigurationList = D0BD14CE1C86FB6C005B5E50 /* Build configuration list for PBXProject "ComposableUI" */;
			compatibilityVersion = "Xcode 3.2";
			developmentRegion = English;
			hasScannedForEncodings = 0;
			knownRegions = (
				en,
				Base,
			);
			mainGroup = D0BD14CA1C86FB6C005B5E50;
			productRefGroup = D0BD14D41C86FB6C005B5E50 /* Products */;
			projectDirPath = "";
			projectRoot = "";
			targets = (
				D0BD14D21C86FB6C005B5E50 /* ComposableUI */,
			);
		};
/* End PBXProject section */

/* Begin PBXResourcesBuildPhase section */
		D0BD14D11C86FB6C005B5E50 /* Resources */ = {
			isa = PBXResourcesBuildPhase;
			buildActionMask = 2147483647;
			files = (
				D0BD14E61C86FB6C005B5E50 /* LaunchScreen.storyboard in Resources */,
				D0BD14E31C86FB6C005B5E50 /* Assets.xcassets in Resources */,
			);
			runOnlyForDeploymentPostprocessing = 0;
		};
/* End PBXResourcesBuildPhase section */

/* Begin PBXSourcesBuildPhase section */
		D0BD14CF1C86FB6C005B5E50 /* Sources */ = {
			isa = PBXSourcesBuildPhase;
			buildActionMask = 2147483647;
			files = (
				D0BD14F11C86FC17005B5E50 /* RTCommon.m in Sources */,
				D0BD14DB1C86FB6C005B5E50 /* AppDelegate.m in Sources */,
				D0BD14D81C86FB6C005B5E50 /* main.m in Sources */,
			);
			runOnlyForDeploymentPostprocessing = 0;
		};
/* End PBXSourcesBuildPhase section */

/* Begin PBXVariantGroup section */
		D0BD14E41C86FB6C005B5E50 /* LaunchScreen.storyboard */ = {
			isa = PBXVariantGroup;
			children = (
				D0BD14E51C86FB6C005B5E50 /* Base */,
			);
			name = LaunchScreen.storyboard;
			sourceTree = "<group>";
		};
/* End PBXVariantGroup section */

/* Begin XCBuildConfiguration section */
		D0BD14E81C86FB6C005B5E50 /* Debug */ = {
			isa = XCBuildConfiguration;
			buildSettings = {
				ALWAYS_SEARCH_USER_PATHS = NO;
				CLANG_CXX_LANGUAGE_STANDARD = "gnu++0x";
				CLANG_CXX_LIBRARY = "libc++";
				CLANG_ENABLE_MODULES = YES;
				CLANG_ENABLE_OBJC_ARC = YES;
				CLANG_WARN_BOOL_CONVERSION = YES;
				CLANG_WARN_CONSTANT_CONVERSION = YES;
				CLANG_WARN_DIRECT_OBJC_ISA_USAGE = YES_ERROR;
				CLANG_WARN_EMPTY_BODY = YES;
				CLANG_WARN_ENUM_CONVERSION = YES;
				CLANG_WARN_INT_CONVERSION = YES;
				CLANG_WARN_OBJC_ROOT_CLASS = YES_ERROR;
				CLANG_WARN_UNREACHABLE_CODE = YES;
				CLANG_WARN__DUPLICATE_METHOD_MATCH = YES;
				"CODE_SIGN_IDENTITY[sdk=iphoneos*]" = "iPhone Developer";
				COPY_PHASE_STRIP = NO;
				DEBUG_INFORMATION_FORMAT = dwarf;
				ENABLE_STRICT_OBJC_MSGSEND = YES;
				ENABLE_TESTABILITY = YES;
				GCC_C_LANGUAGE_STANDARD = gnu99;
				GCC_DYNAMIC_NO_PIC = NO;
				GCC_NO_COMMON_BLOCKS = YES;
				GCC_OPTIMIZATION_LEVEL = 0;
				GCC_PREPROCESSOR_DEFINITIONS = (
					"DEBUG=1",
					"$(inherited)",
				);
				GCC_WARN_64_TO_32_BIT_CONVERSION = YES;
				GCC_WARN_ABOUT_RETURN_TYPE = YES_ERROR;
				GCC_WARN_UNDECLARED_SELECTOR = YES;
				GCC_WARN_UNINITIALIZED_AUTOS = YES_AGGRESSIVE;
				GCC_WARN_UNUSED_FUNCTION = YES;
				GCC_WARN_UNUSED_VARIABLE = YES;
				IPHONEOS_DEPLOYMENT_TARGET = 9.0;
				MTL_ENABLE_DEBUG_INFO = YES;
				ONLY_ACTIVE_ARCH = YES;
				SDKROOT = iphoneos;
				TARGETED_DEVICE_FAMILY = "1,2";
			};
			name = Debug;
		};
		D0BD14E91C86FB6C005B5E50 /* Release */ = {
			isa = XCBuildConfiguration;
			buildSettings = {
				ALWAYS_SEARCH_USER_PATHS = NO;
				CLANG_CXX_LANGUAGE_STANDARD = "gnu++0x";
				CLANG_CXX_LIBRARY = "libc++";
				CLANG_ENABLE_MODULES = YES;
				CLANG_ENABLE_OBJC_ARC = YES;
				CLANG_WARN_BOOL_CONVERSION = YES;
				CLANG_WARN_CONSTANT_CONVERSION = YES;
				CLANG_WARN_DIRECT_OBJC_ISA_USAGE = YES_ERROR;
				CLANG_WARN_EMPTY_BODY = YES;
				CLANG_WARN_ENUM_CONVERSION = YES;
				CLANG_WARN_INT_CONVERSION = YES;
				CLANG_WARN_OBJC_ROOT_CLASS = YES_ERROR;
				CLANG_WARN_UNREACHABLE_CODE = YES;
				CLANG_WARN__DUPLICATE_METHOD_MATCH = YES;
				"CODE_SIGN_IDENTITY[sdk=iphoneos*]" = "iPhone Developer";
				COPY_PHASE_STRIP = NO;
				DEBUG_INFORMATION_FORMAT = "dwarf-with-dsym";
				ENABLE_NS_ASSERTIONS = NO;
				ENABLE_STRICT_OBJC_MSGSEND = YES;
				GCC_C_LANGUAGE_STANDARD = gnu99;
				GCC_NO_COMMON_BLOCKS = YES;
				GCC_WARN_64_TO_32_BIT_CONVERSION = YES;
				GCC_WARN_ABOUT_RETURN_TYPE = YES_ERROR;
				GCC_WARN_UNDECLARED_SELECTOR = YES;
				GCC_WARN_UNINITIALIZED_AUTOS = YES_AGGRESSIVE;
				GCC_WARN_UNUSED_FUNCTION = YES;
				GCC_WARN_UNUSED_VARIABLE = YES;
				IPHONEOS_DEPLOYMENT_TARGET = 9.0;
				MTL_ENABLE_DEBUG_INFO = NO;
				SDKROOT = iphoneos;
				TARGETED_DEVICE_FAMILY = "1,2";
				VALIDATE_PRODUCT = YES;
			};
			name = Release;
		};
		D0BD14EB1C86FB6C005B5E50 /* Debug */ = {
			isa = XCBuildConfiguration;
			buildSettings = {
				ASSETCATALOG_COMPILER_APPICON_NAME = AppIcon;
				INFOPLIST_FILE = ComposableUI/Info.plist;
				LD_RUNPATH_SEARCH_PATHS = "$(inherited) @executable_path/Frameworks";
				PRODUCT_BUNDLE_IDENTIFIER = com.radianttap.ComposableUI;
				PRODUCT_NAME = "$(TARGET_NAME)";
			};
			name = Debug;
		};
		D0BD14EC1C86FB6C005B5E50 /* Release */ = {
			isa = XCBuildConfiguration;
			buildSettings = {
				ASSETCATALOG_COMPILER_APPICON_NAME = AppIcon;
				INFOPLIST_FILE = ComposableUI/Info.plist;
				LD_RUNPATH_SEARCH_PATHS = "$(inherited) @executable_path/Frameworks";
				PRODUCT_BUNDLE_IDENTIFIER = com.radianttap.ComposableUI;
				PRODUCT_NAME = "$(TARGET_NAME)";
			};
			name = Release;
		};
/* End XCBuildConfiguration section */

/* Begin XCConfigurationList section */
		D0BD14CE1C86FB6C005B5E50 /* Build configuration list for PBXProject "ComposableUI" */ = {
			isa = XCConfigurationList;
			buildConfigurations = (
				D0BD14E81C86FB6C005B5E50 /* Debug */,
				D0BD14E91C86FB6C005B5E50 /* Release */,
			);
			defaultConfigurationIsVisible = 0;
			defaultConfigurationName = Release;
		};
		D0BD14EA1C86FB6C005B5E50 /* Build configuration list for PBXNativeTarget "ComposableUI" */ = {
			isa = XCConfigurationList;
			buildConfigurations = (
				D0BD14EB1C86FB6C005B5E50 /* Debug */,
				D0BD14EC1C86FB6C005B5E50 /* Release */,
			);
			defaultConfigurationIsVisible = 0;
		};
/* End XCConfigurationList section */
	};
	rootObject = D0BD14CB1C86FB6C005B5E50 /* Project object */;
}
